
Microsoft Visual Studio Solution File, Format Version 12.00
# Visual Studio Version 17
VisualStudioVersion = 17.5.33530.505
MinimumVisualStudioVersion = 10.0.40219.1
Project("{FAE04EC0-301F-11D3-BF4B-00C04F79EFBC}") = "Csharp.Lambda", "Csharp.Lambda\Csharp.Lambda.csproj", "{FD6237D3-2DC6-4D3D-B880-D20A3738866C}"
EndProject
Global
	GlobalSection(SolutionConfigurationPlatforms) = preSolution
		Debug|Any CPU = Debug|Any CPU
		Release|Any CPU = Release|Any CPU
	EndGlobalSection
	GlobalSection(ProjectConfigurationPlatforms) = postSolution
		{FD6237D3-2DC6-4D3D-B880-D20A3738866C}.Debug|Any CPU.ActiveCfg = Debug|Any CPU
		{FD6237D3-2DC6-4D3D-B880-D20A3738866C}.Debug|Any CPU.Build.0 = Debug|Any CPU
		{FD6237D3-2DC6-4D3D-B880-D20A3738866C}.Release|Any CPU.ActiveCfg = Release|Any CPU
		{FD6237D3-2DC6-4D3D-B880-D20A3738866C}.Release|Any CPU.Build.0 = Release|Any CPU
	EndGlobalSection
	GlobalSection(SolutionProperties) = preSolution
		HideSolutionNode = FALSE
	EndGlobalSection
	GlobalSection(ExtensibilityGlobals) = postSolution
		SolutionGuid = {6FF907DB-ED06-4814-9028-D2D5FB4236CC}
	EndGlobalSection
EndGlobal
